
Microsoft Visual Studio Solution File, Format Version 12.00
# Visual Studio Version 16
VisualStudioVersion = 16.0.29411.108
MinimumVisualStudioVersion = 10.0.40219.1
Project("{FAE04EC0-301F-11D3-BF4B-00C04F79EFBC}") = "MvcBasic_Clone", "MvcBasic_Clone\MvcBasic_Clone.csproj", "{C67B7003-AAEC-459E-8481-417ED4DD156B}"
EndProject
Global
	GlobalSection(SolutionConfigurationPlatforms) = preSolution
		Debug|Any CPU = Debug|Any CPU
		Release|Any CPU = Release|Any CPU
	EndGlobalSection
	GlobalSection(ProjectConfigurationPlatforms) = postSolution
		{C67B7003-AAEC-459E-8481-417ED4DD156B}.Debug|Any CPU.ActiveCfg = Debug|Any CPU
		{C67B7003-AAEC-459E-8481-417ED4DD156B}.Debug|Any CPU.Build.0 = Debug|Any CPU
		{C67B7003-AAEC-459E-8481-417ED4DD156B}.Release|Any CPU.ActiveCfg = Release|Any CPU
		{C67B7003-AAEC-459E-8481-417ED4DD156B}.Release|Any CPU.Build.0 = Release|Any CPU
	EndGlobalSection
	GlobalSection(SolutionProperties) = preSolution
		HideSolutionNode = FALSE
	EndGlobalSection
	GlobalSection(ExtensibilityGlobals) = postSolution
		SolutionGuid = {A14107D7-FD50-46FB-BE74-8DE4D3372AD8}
	EndGlobalSection
EndGlobal
